{
  "version": 4,
  "terraform_version": "0.12.24",
  "serial": 7,
  "lineage": "d17aa6bb-9523-8621-76ff-ab740c306a4b",
  "outputs": {},
  "resources": [
    {
      "module": "module.root_image",
      "mode": "managed",
      "type": "docker_container",
      "name": "ghost_container",
      "provider": "provider.docker",
      "instances": [
        {
          "schema_version": 2,
          "attributes": {
            "attach": false,
            "bridge": "",
            "capabilities": [],
            "command": [
              "node",
              "current/index.js"
            ],
            "container_logs": null,
            "cpu_set": "",
            "cpu_shares": 0,
            "destroy_grace_seconds": null,
            "devices": [],
            "dns": null,
            "dns_opts": null,
            "dns_search": null,
            "domainname": "",
            "entrypoint": [
              "docker-entrypoint.sh"
            ],
            "env": [
              "GHOST_CLI_VERSION=1.13.1",
              "GHOST_CONTENT=/var/lib/ghost/content",
              "GHOST_INSTALL=/var/lib/ghost",
              "GHOST_VERSION=3.14.0",
              "GOSU_VERSION=1.12",
              "NODE_ENV=production",
              "NODE_VERSION=12.16.3",
              "PATH=/usr/local/sbin:/usr/local/bin:/usr/sbin:/usr/bin:/sbin:/bin",
              "YARN_VERSION=1.22.4"
            ],
            "exit_code": null,
            "gateway": "172.17.0.1",
            "group_add": null,
            "healthcheck": [],
            "host": [],
            "hostname": "7f69f4f10bf2",
            "id": "7f69f4f10bf2458f866324f8ed39ddc912080f82b8065ff2bda01c9e9254bdf9",
            "image": "sha256:8d1ad8682af13b99d82a566c1f4e26acc1966629a2f48aa61caab45af04c3060",
            "ip_address": "172.17.0.2",
            "ip_prefix_length": 16,
            "ipc_mode": "private",
            "labels": [],
            "links": null,
            "log_driver": "json-file",
            "log_opts": null,
            "logs": false,
            "max_retry_count": 0,
            "memory": 0,
            "memory_swap": 0,
            "mounts": [],
            "must_run": true,
            "name": "blog",
            "network_alias": null,
            "network_data": [
              {
                "gateway": "172.17.0.1",
                "ip_address": "172.17.0.2",
                "ip_prefix_length": 16,
                "network_name": "bridge"
              }
            ],
            "network_mode": "default",
            "networks": null,
            "networks_advanced": [],
            "pid_mode": "",
            "ports": [
              {
                "external": 80,
                "internal": 2368,
                "ip": "0.0.0.0",
                "protocol": "tcp"
              }
            ],
            "privileged": false,
            "publish_all_ports": false,
            "read_only": false,
            "restart": "no",
            "rm": false,
            "shm_size": 64,
            "start": true,
            "sysctls": null,
            "tmpfs": null,
            "ulimit": [],
            "upload": [],
            "user": "",
            "userns_mode": "",
            "volumes": [],
            "working_dir": "/var/lib/ghost"
          },
          "private": "eyJzY2hlbWFfdmVyc2lvbiI6IjIifQ==",
          "dependencies": [
            "module.root_image.docker_image.ghost_image"
          ]
        }
      ]
    },
    {
      "module": "module.root_container",
      "mode": "managed",
      "type": "docker_container",
      "name": "ghost_container",
      "provider": "provider.docker",
      "instances": [
        {
          "status": "tainted",
          "schema_version": 2,
          "attributes": {
            "attach": false,
            "bridge": null,
            "capabilities": [],
            "command": null,
            "container_logs": null,
            "cpu_set": null,
            "cpu_shares": null,
            "destroy_grace_seconds": null,
            "devices": [],
            "dns": null,
            "dns_opts": null,
            "dns_search": null,
            "domainname": null,
            "entrypoint": null,
            "env": [],
            "exit_code": null,
            "gateway": null,
            "group_add": null,
            "healthcheck": [],
            "host": [],
            "hostname": null,
            "id": "7341d1cb99dd3cf650b0fe5aa2033d59a66c5efe95f923e849b3ac869f36459d",
            "image": "sha256:8d1ad8682af13b99d82a566c1f4e26acc1966629a2f48aa61caab45af04c3060",
            "ip_address": null,
            "ip_prefix_length": null,
            "ipc_mode": null,
            "labels": [],
            "links": null,
            "log_driver": "json-file",
            "log_opts": null,
            "logs": false,
            "max_retry_count": null,
            "memory": null,
            "memory_swap": null,
            "mounts": [],
            "must_run": true,
            "name": "blog1",
            "network_alias": null,
            "network_data": null,
            "network_mode": null,
            "networks": null,
            "networks_advanced": [],
            "pid_mode": null,
            "ports": [
              {
                "external": 80,
                "internal": 2368,
                "ip": "0.0.0.0",
                "protocol": "tcp"
              }
            ],
            "privileged": null,
            "publish_all_ports": null,
            "read_only": false,
            "restart": "no",
            "rm": false,
            "shm_size": null,
            "start": true,
            "sysctls": null,
            "tmpfs": null,
            "ulimit": [],
            "upload": [],
            "user": null,
            "userns_mode": null,
            "volumes": [],
            "working_dir": null
          },
          "private": "eyJzY2hlbWFfdmVyc2lvbiI6IjIifQ==",
          "dependencies": [
            "module.root_container.docker_image.ghost_image"
          ]
        }
      ]
    },
    {
      "module": "module.root_image",
      "mode": "managed",
      "type": "docker_image",
      "name": "ghost_image",
      "provider": "provider.docker",
      "instances": [
        {
          "schema_version": 0,
          "attributes": {
            "id": "sha256:8d1ad8682af13b99d82a566c1f4e26acc1966629a2f48aa61caab45af04c3060ghost:latest",
            "keep_locally": null,
            "latest": "sha256:8d1ad8682af13b99d82a566c1f4e26acc1966629a2f48aa61caab45af04c3060",
            "name": "ghost:latest",
            "pull_trigger": null,
            "pull_triggers": null
          },
          "private": "bnVsbA=="
        }
      ]
    },
    {
      "module": "module.root_container",
      "mode": "managed",
      "type": "docker_image",
      "name": "ghost_image",
      "provider": "provider.docker",
      "instances": [
        {
          "schema_version": 0,
          "attributes": {
            "id": "sha256:8d1ad8682af13b99d82a566c1f4e26acc1966629a2f48aa61caab45af04c3060ghost:latest",
            "keep_locally": null,
            "latest": "sha256:8d1ad8682af13b99d82a566c1f4e26acc1966629a2f48aa61caab45af04c3060",
            "name": "ghost:latest",
            "pull_trigger": null,
            "pull_triggers": null
          },
          "private": "bnVsbA=="
        }
      ]
    }
  ]
}
